// !$*UTF8*$!
{
	archiveVersion = 1;
	classes = {
	};
	objectVersion = 46;
	objects = {

/* Begin PBXBuildFile section */
		064ACBFF0DFFD8A78C7680C2 /* Pods_Animal_House.framework in Frameworks */ = {isa = PBXBuildFile; fileRef = A1C33D5643BF219065A8AD4B /* Pods_Animal_House.framework */; };
		880CB5921D17F88E00F9EF08 /* AHDBManager.swift in Sources */ = {isa = PBXBuildFile; fileRef = 880CB5911D17F88E00F9EF08 /* AHDBManager.swift */; };
		881592871D0A77DA007C05AF /* AppDelegate.swift in Sources */ = {isa = PBXBuildFile; fileRef = 881592861D0A77DA007C05AF /* AppDelegate.swift */; };
		881592891D0A77DA007C05AF /* ViewController.swift in Sources */ = {isa = PBXBuildFile; fileRef = 881592881D0A77DA007C05AF /* ViewController.swift */; };
		8815928C1D0A77DA007C05AF /* Main.storyboard in Resources */ = {isa = PBXBuildFile; fileRef = 8815928A1D0A77DA007C05AF /* Main.storyboard */; };
		8815928E1D0A77DA007C05AF /* Assets.xcassets in Resources */ = {isa = PBXBuildFile; fileRef = 8815928D1D0A77DA007C05AF /* Assets.xcassets */; };
		881592911D0A77DA007C05AF /* LaunchScreen.storyboard in Resources */ = {isa = PBXBuildFile; fileRef = 8815928F1D0A77DA007C05AF /* LaunchScreen.storyboard */; };
		881833101D18562000BACDC0 /* 0_15584d_a9e3f76f_L.thumbnail.jpg in Resources */ = {isa = PBXBuildFile; fileRef = 8818330F1D18562000BACDC0 /* 0_15584d_a9e3f76f_L.thumbnail.jpg */; };
		881C421C1D12672600A075B1 /* AHCell.swift in Sources */ = {isa = PBXBuildFile; fileRef = 881C421B1D12672600A075B1 /* AHCell.swift */; };
		882BAFE01D2B76E3003FDB0C /* ModalWhereAreWeViewController.swift in Sources */ = {isa = PBXBuildFile; fileRef = 882BAFDF1D2B76E3003FDB0C /* ModalWhereAreWeViewController.swift */; };
		8846912E1D0A7BC500B6E959 /* AHViewControllerSector.swift in Sources */ = {isa = PBXBuildFile; fileRef = 8846912D1D0A7BC500B6E959 /* AHViewControllerSector.swift */; };
		885456E41D2D7A1B00C0208A /* AHAnimalHouse.swift in Sources */ = {isa = PBXBuildFile; fileRef = 885456E31D2D7A1B00C0208A /* AHAnimalHouse.swift */; };
		885AFB901D3419AF00D0F4F3 /* road2.png in Resources */ = {isa = PBXBuildFile; fileRef = 885AFB8F1D3419AF00D0F4F3 /* road2.png */; };
		885AFB921D3419BA00D0F4F3 /* site2.png in Resources */ = {isa = PBXBuildFile; fileRef = 885AFB911D3419BA00D0F4F3 /* site2.png */; };
		889E15B11D2ED33200A6E265 /* all40.png in Resources */ = {isa = PBXBuildFile; fileRef = 889E15B01D2ED33200A6E265 /* all40.png */; };
		889E15B31D2ED50100A6E265 /* all20.png in Resources */ = {isa = PBXBuildFile; fileRef = 889E15B21D2ED50100A6E265 /* all20.png */; };
		88FC53B81D28FF8C0002B542 /* animal2.png in Resources */ = {isa = PBXBuildFile; fileRef = 88FC53B71D28FF8C0002B542 /* animal2.png */; };
		88FD597D1D26CFC900A5D0E3 /* Animal.swift in Sources */ = {isa = PBXBuildFile; fileRef = 88FD597B1D26CFC900A5D0E3 /* Animal.swift */; };
/* End PBXBuildFile section */

/* Begin PBXFileReference section */
		1BB2F254F6E7126EA23486BB /* Pods-Animal House.release.xcconfig */ = {isa = PBXFileReference; includeInIndex = 1; lastKnownFileType = text.xcconfig; name = "Pods-Animal House.release.xcconfig"; path = "Pods/Target Support Files/Pods-Animal House/Pods-Animal House.release.xcconfig"; sourceTree = "<group>"; };
		880CB5911D17F88E00F9EF08 /* AHDBManager.swift */ = {isa = PBXFileReference; fileEncoding = 4; lastKnownFileType = sourcecode.swift; path = AHDBManager.swift; sourceTree = "<group>"; };
		881592831D0A77DA007C05AF /* Animal House.app */ = {isa = PBXFileReference; explicitFileType = wrapper.application; includeInIndex = 0; path = "Animal House.app"; sourceTree = BUILT_PRODUCTS_DIR; };
		881592861D0A77DA007C05AF /* AppDelegate.swift */ = {isa = PBXFileReference; lastKnownFileType = sourcecode.swift; path = AppDelegate.swift; sourceTree = "<group>"; };
		881592881D0A77DA007C05AF /* ViewController.swift */ = {isa = PBXFileReference; lastKnownFileType = sourcecode.swift; path = ViewController.swift; sourceTree = "<group>"; };
		8815928B1D0A77DA007C05AF /* Base */ = {isa = PBXFileReference; lastKnownFileType = file.storyboard; name = Base; path = Base.lproj/Main.storyboard; sourceTree = "<group>"; };
		8815928D1D0A77DA007C05AF /* Assets.xcassets */ = {isa = PBXFileReference; lastKnownFileType = folder.assetcatalog; path = Assets.xcassets; sourceTree = "<group>"; };
		881592901D0A77DA007C05AF /* Base */ = {isa = PBXFileReference; lastKnownFileType = file.storyboard; name = Base; path = Base.lproj/LaunchScreen.storyboard; sourceTree = "<group>"; };
		881592921D0A77DA007C05AF /* Info.plist */ = {isa = PBXFileReference; lastKnownFileType = text.plist.xml; path = Info.plist; sourceTree = "<group>"; };
		8818330F1D18562000BACDC0 /* 0_15584d_a9e3f76f_L.thumbnail.jpg */ = {isa = PBXFileReference; lastKnownFileType = image.jpeg; path = 0_15584d_a9e3f76f_L.thumbnail.jpg; sourceTree = "<group>"; };
		881C421B1D12672600A075B1 /* AHCell.swift */ = {isa = PBXFileReference; fileEncoding = 4; lastKnownFileType = sourcecode.swift; path = AHCell.swift; sourceTree = "<group>"; };
		882BAFDF1D2B76E3003FDB0C /* ModalWhereAreWeViewController.swift */ = {isa = PBXFileReference; fileEncoding = 4; lastKnownFileType = sourcecode.swift; path = ModalWhereAreWeViewController.swift; sourceTree = "<group>"; };
		8846912D1D0A7BC500B6E959 /* AHViewControllerSector.swift */ = {isa = PBXFileReference; fileEncoding = 4; lastKnownFileType = sourcecode.swift; path = AHViewControllerSector.swift; sourceTree = "<group>"; };
		885456E31D2D7A1B00C0208A /* AHAnimalHouse.swift */ = {isa = PBXFileReference; fileEncoding = 4; lastKnownFileType = sourcecode.swift; path = AHAnimalHouse.swift; sourceTree = "<group>"; };
		885AFB8F1D3419AF00D0F4F3 /* road2.png */ = {isa = PBXFileReference; lastKnownFileType = image.png; path = road2.png; sourceTree = "<group>"; };
		885AFB911D3419BA00D0F4F3 /* site2.png */ = {isa = PBXFileReference; lastKnownFileType = image.png; path = site2.png; sourceTree = "<group>"; };
		889E15B01D2ED33200A6E265 /* all40.png */ = {isa = PBXFileReference; lastKnownFileType = image.png; path = all40.png; sourceTree = "<group>"; };
		889E15B21D2ED50100A6E265 /* all20.png */ = {isa = PBXFileReference; lastKnownFileType = image.png; path = all20.png; sourceTree = "<group>"; };
		88FC53B71D28FF8C0002B542 /* animal2.png */ = {isa = PBXFileReference; lastKnownFileType = image.png; path = animal2.png; sourceTree = "<group>"; };
		88FD597B1D26CFC900A5D0E3 /* Animal.swift */ = {isa = PBXFileReference; fileEncoding = 4; lastKnownFileType = sourcecode.swift; path = Animal.swift; sourceTree = "<group>"; };
		A17630EF69A58C13F067C0D7 /* Pods-Animal House.debug.xcconfig */ = {isa = PBXFileReference; includeInIndex = 1; lastKnownFileType = text.xcconfig; name = "Pods-Animal House.debug.xcconfig"; path = "Pods/Target Support Files/Pods-Animal House/Pods-Animal House.debug.xcconfig"; sourceTree = "<group>"; };
		A1C33D5643BF219065A8AD4B /* Pods_Animal_House.framework */ = {isa = PBXFileReference; explicitFileType = wrapper.framework; includeInIndex = 0; path = Pods_Animal_House.framework; sourceTree = BUILT_PRODUCTS_DIR; };
/* End PBXFileReference section */

/* Begin PBXFrameworksBuildPhase section */
		881592801D0A77DA007C05AF /* Frameworks */ = {
			isa = PBXFrameworksBuildPhase;
			buildActionMask = 2147483647;
			files = (
				064ACBFF0DFFD8A78C7680C2 /* Pods_Animal_House.framework in Frameworks */,
			);
			runOnlyForDeploymentPostprocessing = 0;
		};
/* End PBXFrameworksBuildPhase section */

/* Begin PBXGroup section */
		8815927A1D0A77DA007C05AF = {
			isa = PBXGroup;
			children = (
				881592851D0A77DA007C05AF /* Animal House */,
				881592841D0A77DA007C05AF /* Products */,
				DDCDAB1DF54609D78F35D5CB /* Pods */,
				BD148721DBD19322399BEBAE /* Frameworks */,
			);
			sourceTree = "<group>";
		};
		881592841D0A77DA007C05AF /* Products */ = {
			isa = PBXGroup;
			children = (
				881592831D0A77DA007C05AF /* Animal House.app */,
			);
			name = Products;
			sourceTree = "<group>";
		};
		881592851D0A77DA007C05AF /* Animal House */ = {
			isa = PBXGroup;
			children = (
				889E15AF1D2ED30700A6E265 /* Image */,
				88D7387F1D1327C90081B5AE /* Model */,
				881C421A1D1266FB00A075B1 /* View */,
				881592981D0A7A9E007C05AF /* Controller */,
				8815928A1D0A77DA007C05AF /* Main.storyboard */,
				8815928D1D0A77DA007C05AF /* Assets.xcassets */,
				8815928F1D0A77DA007C05AF /* LaunchScreen.storyboard */,
				881592921D0A77DA007C05AF /* Info.plist */,
			);
			path = "Animal House";
			sourceTree = "<group>";
		};
		881592981D0A7A9E007C05AF /* Controller */ = {
			isa = PBXGroup;
			children = (
				881592881D0A77DA007C05AF /* ViewController.swift */,
				882BAFDF1D2B76E3003FDB0C /* ModalWhereAreWeViewController.swift */,
				8846912D1D0A7BC500B6E959 /* AHViewControllerSector.swift */,
			);
			name = Controller;
			sourceTree = "<group>";
		};
		881C421A1D1266FB00A075B1 /* View */ = {
			isa = PBXGroup;
			children = (
				881C421B1D12672600A075B1 /* AHCell.swift */,
			);
			name = View;
			sourceTree = "<group>";
		};
		889E15AF1D2ED30700A6E265 /* Image */ = {
			isa = PBXGroup;
			children = (
				88FC53B71D28FF8C0002B542 /* animal2.png */,
				889E15B01D2ED33200A6E265 /* all40.png */,
				885AFB8F1D3419AF00D0F4F3 /* road2.png */,
				885AFB911D3419BA00D0F4F3 /* site2.png */,
				889E15B21D2ED50100A6E265 /* all20.png */,
				8818330F1D18562000BACDC0 /* 0_15584d_a9e3f76f_L.thumbnail.jpg */,
			);
			name = Image;
			sourceTree = "<group>";
		};
		88D7387F1D1327C90081B5AE /* Model */ = {
			isa = PBXGroup;
			children = (
				881592861D0A77DA007C05AF /* AppDelegate.swift */,
				885456E31D2D7A1B00C0208A /* AHAnimalHouse.swift */,
				88FD597B1D26CFC900A5D0E3 /* Animal.swift */,
				880CB5911D17F88E00F9EF08 /* AHDBManager.swift */,
			);
			name = Model;
			sourceTree = "<group>";
		};
		BD148721DBD19322399BEBAE /* Frameworks */ = {
			isa = PBXGroup;
			children = (
				A1C33D5643BF219065A8AD4B /* Pods_Animal_House.framework */,
			);
			name = Frameworks;
			sourceTree = "<group>";
		};
		DDCDAB1DF54609D78F35D5CB /* Pods */ = {
			isa = PBXGroup;
			children = (
				A17630EF69A58C13F067C0D7 /* Pods-Animal House.debug.xcconfig */,
				1BB2F254F6E7126EA23486BB /* Pods-Animal House.release.xcconfig */,
			);
			name = Pods;
			sourceTree = "<group>";
		};
/* End PBXGroup section */

/* Begin PBXNativeTarget section */
		881592821D0A77DA007C05AF /* Animal House */ = {
			isa = PBXNativeTarget;
			buildConfigurationList = 881592951D0A77DA007C05AF /* Build configuration list for PBXNativeTarget "Animal House" */;
			buildPhases = (
				A0A1EAA51B8D0704A89FD345 /* Check Pods Manifest.lock */,
				8815927F1D0A77DA007C05AF /* Sources */,
				881592801D0A77DA007C05AF /* Frameworks */,
				881592811D0A77DA007C05AF /* Resources */,
				50BA2C203614B77844D338FA /* Embed Pods Frameworks */,
				821AAA4CAAA4ED0EDE3E781A /* Copy Pods Resources */,
			);
			buildRules = (
			);
			dependencies = (
			);
			name = "Animal House";
			productName = "Animal House";
			productReference = 881592831D0A77DA007C05AF /* Animal House.app */;
			productType = "com.apple.product-type.application";
		};
/* End PBXNativeTarget section */

/* Begin PBXProject section */
		8815927B1D0A77DA007C05AF /* Project object */ = {
			isa = PBXProject;
			attributes = {
				LastSwiftUpdateCheck = 0730;
				LastUpgradeCheck = 0730;
				ORGANIZATIONNAME = "Vasili Orlov House";
				TargetAttributes = {
					881592821D0A77DA007C05AF = {
						CreatedOnToolsVersion = 7.3;
						DevelopmentTeam = W7396K3YWC;
					};
				};
			};
			buildConfigurationList = 8815927E1D0A77DA007C05AF /* Build configuration list for PBXProject "Animal House" */;
			compatibilityVersion = "Xcode 3.2";
			developmentRegion = English;
			hasScannedForEncodings = 0;
			knownRegions = (
				en,
				Base,
			);
			mainGroup = 8815927A1D0A77DA007C05AF;
			productRefGroup = 881592841D0A77DA007C05AF /* Products */;
			projectDirPath = "";
			projectRoot = "";
			targets = (
				881592821D0A77DA007C05AF /* Animal House */,
			);
		};
/* End PBXProject section */

/* Begin PBXResourcesBuildPhase section */
		881592811D0A77DA007C05AF /* Resources */ = {
			isa = PBXResourcesBuildPhase;
			buildActionMask = 2147483647;
			files = (
				889E15B31D2ED50100A6E265 /* all20.png in Resources */,
				885AFB921D3419BA00D0F4F3 /* site2.png in Resources */,
				881833101D18562000BACDC0 /* 0_15584d_a9e3f76f_L.thumbnail.jpg in Resources */,
				88FC53B81D28FF8C0002B542 /* animal2.png in Resources */,
				881592911D0A77DA007C05AF /* LaunchScreen.storyboard in Resources */,
				885AFB901D3419AF00D0F4F3 /* road2.png in Resources */,
				8815928E1D0A77DA007C05AF /* Assets.xcassets in Resources */,
				8815928C1D0A77DA007C05AF /* Main.storyboard in Resources */,
				889E15B11D2ED33200A6E265 /* all40.png in Resources */,
			);
			runOnlyForDeploymentPostprocessing = 0;
		};
/* End PBXResourcesBuildPhase section */

/* Begin PBXShellScriptBuildPhase section */
		50BA2C203614B77844D338FA /* Embed Pods Frameworks */ = {
			isa = PBXShellScriptBuildPhase;
			buildActionMask = 2147483647;
			files = (
			);
			inputPaths = (
			);
			name = "Embed Pods Frameworks";
			outputPaths = (
			);
			runOnlyForDeploymentPostprocessing = 0;
			shellPath = /bin/sh;
			shellScript = "\"${SRCROOT}/Pods/Target Support Files/Pods-Animal House/Pods-Animal House-frameworks.sh\"\n";
			showEnvVarsInLog = 0;
		};
		821AAA4CAAA4ED0EDE3E781A /* Copy Pods Resources */ = {
			isa = PBXShellScriptBuildPhase;
			buildActionMask = 2147483647;
			files = (
			);
			inputPaths = (
			);
			name = "Copy Pods Resources";
			outputPaths = (
			);
			runOnlyForDeploymentPostprocessing = 0;
			shellPath = /bin/sh;
			shellScript = "\"${SRCROOT}/Pods/Target Support Files/Pods-Animal House/Pods-Animal House-resources.sh\"\n";
			showEnvVarsInLog = 0;
		};
		A0A1EAA51B8D0704A89FD345 /* Check Pods Manifest.lock */ = {
			isa = PBXShellScriptBuildPhase;
			buildActionMask = 2147483647;
			files = (
			);
			inputPaths = (
			);
			name = "Check Pods Manifest.lock";
			outputPaths = (
			);
			runOnlyForDeploymentPostprocessing = 0;
			shellPath = /bin/sh;
			shellScript = "diff \"${PODS_ROOT}/../Podfile.lock\" \"${PODS_ROOT}/Manifest.lock\" > /dev/null\nif [[ $? != 0 ]] ; then\n    cat << EOM\nerror: The sandbox is not in sync with the Podfile.lock. Run 'pod install' or update your CocoaPods installation.\nEOM\n    exit 1\nfi\n";
			showEnvVarsInLog = 0;
		};
/* End PBXShellScriptBuildPhase section */

/* Begin PBXSourcesBuildPhase section */
		8815927F1D0A77DA007C05AF /* Sources */ = {
			isa = PBXSourcesBuildPhase;
			buildActionMask = 2147483647;
			files = (
				881C421C1D12672600A075B1 /* AHCell.swift in Sources */,
				88FD597D1D26CFC900A5D0E3 /* Animal.swift in Sources */,
				881592891D0A77DA007C05AF /* ViewController.swift in Sources */,
				880CB5921D17F88E00F9EF08 /* AHDBManager.swift in Sources */,
				881592871D0A77DA007C05AF /* AppDelegate.swift in Sources */,
				885456E41D2D7A1B00C0208A /* AHAnimalHouse.swift in Sources */,
				8846912E1D0A7BC500B6E959 /* AHViewControllerSector.swift in Sources */,
				882BAFE01D2B76E3003FDB0C /* ModalWhereAreWeViewController.swift in Sources */,
			);
			runOnlyForDeploymentPostprocessing = 0;
		};
/* End PBXSourcesBuildPhase section */

/* Begin PBXVariantGroup section */
		8815928A1D0A77DA007C05AF /* Main.storyboard */ = {
			isa = PBXVariantGroup;
			children = (
				8815928B1D0A77DA007C05AF /* Base */,
			);
			name = Main.storyboard;
			sourceTree = "<group>";
		};
		8815928F1D0A77DA007C05AF /* LaunchScreen.storyboard */ = {
			isa = PBXVariantGroup;
			children = (
				881592901D0A77DA007C05AF /* Base */,
			);
			name = LaunchScreen.storyboard;
			sourceTree = "<group>";
		};
/* End PBXVariantGroup section */

/* Begin XCBuildConfiguration section */
		881592931D0A77DA007C05AF /* Debug */ = {
			isa = XCBuildConfiguration;
			buildSettings = {
				ALWAYS_SEARCH_USER_PATHS = NO;
				CLANG_ANALYZER_NONNULL = YES;
				CLANG_CXX_LANGUAGE_STANDARD = "gnu++0x";
				CLANG_CXX_LIBRARY = "libc++";
				CLANG_ENABLE_MODULES = YES;
				CLANG_ENABLE_OBJC_ARC = YES;
				CLANG_WARN_BOOL_CONVERSION = YES;
				CLANG_WARN_CONSTANT_CONVERSION = YES;
				CLANG_WARN_DIRECT_OBJC_ISA_USAGE = YES_ERROR;
				CLANG_WARN_EMPTY_BODY = YES;
				CLANG_WARN_ENUM_CONVERSION = YES;
				CLANG_WARN_INT_CONVERSION = YES;
				CLANG_WARN_OBJC_ROOT_CLASS = YES_ERROR;
				CLANG_WARN_UNREACHABLE_CODE = YES;
				CLANG_WARN__DUPLICATE_METHOD_MATCH = YES;
				"CODE_SIGN_IDENTITY[sdk=iphoneos*]" = "iPhone Developer";
				COPY_PHASE_STRIP = NO;
				DEBUG_INFORMATION_FORMAT = dwarf;
				ENABLE_STRICT_OBJC_MSGSEND = YES;
				ENABLE_TESTABILITY = YES;
				GCC_C_LANGUAGE_STANDARD = gnu99;
				GCC_DYNAMIC_NO_PIC = NO;
				GCC_NO_COMMON_BLOCKS = YES;
				GCC_OPTIMIZATION_LEVEL = 0;
				GCC_PREPROCESSOR_DEFINITIONS = (
					"DEBUG=1",
					"$(inherited)",
				);
				GCC_WARN_64_TO_32_BIT_CONVERSION = YES;
				GCC_WARN_ABOUT_RETURN_TYPE = YES_ERROR;
				GCC_WARN_UNDECLARED_SELECTOR = YES;
				GCC_WARN_UNINITIALIZED_AUTOS = YES_AGGRESSIVE;
				GCC_WARN_UNUSED_FUNCTION = YES;
				GCC_WARN_UNUSED_VARIABLE = YES;
				IPHONEOS_DEPLOYMENT_TARGET = 9.3;
				MTL_ENABLE_DEBUG_INFO = YES;
				ONLY_ACTIVE_ARCH = YES;
				SDKROOT = iphoneos;
				SWIFT_OPTIMIZATION_LEVEL = "-Onone";
			};
			name = Debug;
		};
		881592941D0A77DA007C05AF /* Release */ = {
			isa = XCBuildConfiguration;
			buildSettings = {
				ALWAYS_SEARCH_USER_PATHS = NO;
				CLANG_ANALYZER_NONNULL = YES;
				CLANG_CXX_LANGUAGE_STANDARD = "gnu++0x";
				CLANG_CXX_LIBRARY = "libc++";
				CLANG_ENABLE_MODULES = YES;
				CLANG_ENABLE_OBJC_ARC = YES;
				CLANG_WARN_BOOL_CONVERSION = YES;
				CLANG_WARN_CONSTANT_CONVERSION = YES;
				CLANG_WARN_DIRECT_OBJC_ISA_USAGE = YES_ERROR;
				CLANG_WARN_EMPTY_BODY = YES;
				CLANG_WARN_ENUM_CONVERSION = YES;
				CLANG_WARN_INT_CONVERSION = YES;
				CLANG_WARN_OBJC_ROOT_CLASS = YES_ERROR;
				CLANG_WARN_UNREACHABLE_CODE = YES;
				CLANG_WARN__DUPLICATE_METHOD_MATCH = YES;
				"CODE_SIGN_IDENTITY[sdk=iphoneos*]" = "iPhone Developer";
				COPY_PHASE_STRIP = NO;
				DEBUG_INFORMATION_FORMAT = "dwarf-with-dsym";
				ENABLE_NS_ASSERTIONS = NO;
				ENABLE_STRICT_OBJC_MSGSEND = YES;
				GCC_C_LANGUAGE_STANDARD = gnu99;
				GCC_NO_COMMON_BLOCKS = YES;
				GCC_WARN_64_TO_32_BIT_CONVERSION = YES;
				GCC_WARN_ABOUT_RETURN_TYPE = YES_ERROR;
				GCC_WARN_UNDECLARED_SELECTOR = YES;
				GCC_WARN_UNINITIALIZED_AUTOS = YES_AGGRESSIVE;
				GCC_WARN_UNUSED_FUNCTION = YES;
				GCC_WARN_UNUSED_VARIABLE = YES;
				IPHONEOS_DEPLOYMENT_TARGET = 9.3;
				MTL_ENABLE_DEBUG_INFO = NO;
				SDKROOT = iphoneos;
				VALIDATE_PRODUCT = YES;
			};
			name = Release;
		};
		881592961D0A77DA007C05AF /* Debug */ = {
			isa = XCBuildConfiguration;
			baseConfigurationReference = A17630EF69A58C13F067C0D7 /* Pods-Animal House.debug.xcconfig */;
			buildSettings = {
				ASSETCATALOG_COMPILER_APPICON_NAME = AppIcon;
				INFOPLIST_FILE = "Animal House/Info.plist";
				IPHONEOS_DEPLOYMENT_TARGET = 8.0;
				LD_RUNPATH_SEARCH_PATHS = "$(inherited) @executable_path/Frameworks";
				PRODUCT_BUNDLE_IDENTIFIER = "com.orlov.vasili.Animal-House";
				PRODUCT_NAME = "$(TARGET_NAME)";
			};
			name = Debug;
		};
		881592971D0A77DA007C05AF /* Release */ = {
			isa = XCBuildConfiguration;
			baseConfigurationReference = 1BB2F254F6E7126EA23486BB /* Pods-Animal House.release.xcconfig */;
			buildSettings = {
				ASSETCATALOG_COMPILER_APPICON_NAME = AppIcon;
				INFOPLIST_FILE = "Animal House/Info.plist";
				IPHONEOS_DEPLOYMENT_TARGET = 8.0;
				LD_RUNPATH_SEARCH_PATHS = "$(inherited) @executable_path/Frameworks";
				PRODUCT_BUNDLE_IDENTIFIER = "com.orlov.vasili.Animal-House";
				PRODUCT_NAME = "$(TARGET_NAME)";
			};
			name = Release;
		};
/* End XCBuildConfiguration section */

/* Begin XCConfigurationList section */
		8815927E1D0A77DA007C05AF /* Build configuration list for PBXProject "Animal House" */ = {
			isa = XCConfigurationList;
			buildConfigurations = (
				881592931D0A77DA007C05AF /* Debug */,
				881592941D0A77DA007C05AF /* Release */,
			);
			defaultConfigurationIsVisible = 0;
			defaultConfigurationName = Release;
		};
		881592951D0A77DA007C05AF /* Build configuration list for PBXNativeTarget "Animal House" */ = {
			isa = XCConfigurationList;
			buildConfigurations = (
				881592961D0A77DA007C05AF /* Debug */,
				881592971D0A77DA007C05AF /* Release */,
			);
			defaultConfigurationIsVisible = 0;
			defaultConfigurationName = Release;
		};
/* End XCConfigurationList section */
	};
	rootObject = 8815927B1D0A77DA007C05AF /* Project object */;
}
